
Microsoft Visual Studio Solution File, Format Version 12.00
# Visual Studio 2012
Project("{FAE04EC0-301F-11D3-BF4B-00C04F79EFBC}") = "PBDesk.Utils", "PBDesk.Utils\PBDesk.Utils.csproj", "{5A0C9164-C9C6-4707-ACBA-4F8E43004B74}"
EndProject
Global
	GlobalSection(SolutionConfigurationPlatforms) = preSolution
		Debug|Any CPU = Debug|Any CPU
		Release|Any CPU = Release|Any CPU
	EndGlobalSection
	GlobalSection(ProjectConfigurationPlatforms) = postSolution
		{5A0C9164-C9C6-4707-ACBA-4F8E43004B74}.Debug|Any CPU.ActiveCfg = Debug|Any CPU
		{5A0C9164-C9C6-4707-ACBA-4F8E43004B74}.Debug|Any CPU.Build.0 = Debug|Any CPU
		{5A0C9164-C9C6-4707-ACBA-4F8E43004B74}.Release|Any CPU.ActiveCfg = Release|Any CPU
		{5A0C9164-C9C6-4707-ACBA-4F8E43004B74}.Release|Any CPU.Build.0 = Release|Any CPU
	EndGlobalSection
	GlobalSection(SolutionProperties) = preSolution
		HideSolutionNode = FALSE
	EndGlobalSection
EndGlobal
